
Microsoft Visual Studio Solution File, Format Version 12.00
# Visual Studio Version 17
VisualStudioVersion = 17.8.34330.188
MinimumVisualStudioVersion = 10.0.40219.1
Project("{FAE04EC0-301F-11D3-BF4B-00C04F79EFBC}") = "RecepcionPesosMalca", "RecepcionPesosMalca.csproj", "{167DA79A-07AD-41EF-A1F4-EAB46CD812A9}"
EndProject
Global
	GlobalSection(SolutionConfigurationPlatforms) = preSolution
		Debug|Any CPU = Debug|Any CPU
		Release|Any CPU = Release|Any CPU
	EndGlobalSection
	GlobalSection(ProjectConfigurationPlatforms) = postSolution
		{167DA79A-07AD-41EF-A1F4-EAB46CD812A9}.Debug|Any CPU.ActiveCfg = Debug|Any CPU
		{167DA79A-07AD-41EF-A1F4-EAB46CD812A9}.Debug|Any CPU.Build.0 = Debug|Any CPU
		{167DA79A-07AD-41EF-A1F4-EAB46CD812A9}.Release|Any CPU.ActiveCfg = Release|Any CPU
		{167DA79A-07AD-41EF-A1F4-EAB46CD812A9}.Release|Any CPU.Build.0 = Release|Any CPU
	EndGlobalSection
	GlobalSection(SolutionProperties) = preSolution
		HideSolutionNode = FALSE
	EndGlobalSection
	GlobalSection(ExtensibilityGlobals) = postSolution
		SolutionGuid = {5B720925-DAA7-465F-83A1-95D9DF9E7E53}
	EndGlobalSection
EndGlobal
